
Microsoft Visual Studio Solution File, Format Version 12.00
# Visual Studio Version 16
VisualStudioVersion = 16.0.31727.386
MinimumVisualStudioVersion = 10.0.40219.1
Project("{FAE04EC0-301F-11D3-BF4B-00C04F79EFBC}") = "Question 7", "Question 7.csproj", "{5894750B-E87A-4FC7-9160-75008EA2A8D2}"
EndProject
Global
	GlobalSection(SolutionConfigurationPlatforms) = preSolution
		Debug|Any CPU = Debug|Any CPU
		Release|Any CPU = Release|Any CPU
	EndGlobalSection
	GlobalSection(ProjectConfigurationPlatforms) = postSolution
		{5894750B-E87A-4FC7-9160-75008EA2A8D2}.Debug|Any CPU.ActiveCfg = Debug|Any CPU
		{5894750B-E87A-4FC7-9160-75008EA2A8D2}.Debug|Any CPU.Build.0 = Debug|Any CPU
		{5894750B-E87A-4FC7-9160-75008EA2A8D2}.Release|Any CPU.ActiveCfg = Release|Any CPU
		{5894750B-E87A-4FC7-9160-75008EA2A8D2}.Release|Any CPU.Build.0 = Release|Any CPU
	EndGlobalSection
	GlobalSection(SolutionProperties) = preSolution
		HideSolutionNode = FALSE
	EndGlobalSection
	GlobalSection(ExtensibilityGlobals) = postSolution
		SolutionGuid = {1C04C45F-22CB-4003-A265-ED10D59D7810}
	EndGlobalSection
EndGlobal
